// !$*UTF8*$!
{
	archiveVersion = 1;
	classes = {
	};
	objectVersion = 46;
	objects = {

/* Begin PBXBuildFile section */
		030554F2117307F2000D3AF2 /* NSDateFormatter_GithubDateFormatting.m in Sources */ = {isa = PBXBuildFile; fileRef = 030554F1117307F2000D3AF2 /* NSDateFormatter_GithubDateFormatting.m */; };
		0305550611730951000D3AF2 /* main.m in Sources */ = {isa = PBXBuildFile; fileRef = 0305550511730951000D3AF2 /* main.m */; };
		0305550811730992000D3AF2 /* MainWindow.xib in Resources */ = {isa = PBXBuildFile; fileRef = 0305550711730992000D3AF2 /* MainWindow.xib */; };
		03055515117309B6000D3AF2 /* Driftpad.xcdatamodeld in Sources */ = {isa = PBXBuildFile; fileRef = 03055513117309B6000D3AF2 /* Driftpad.xcdatamodeld */; };
		030555FF11731F66000D3AF2 /* Inconsolata.otf in Resources */ = {isa = PBXBuildFile; fileRef = 030555FE11731F66000D3AF2 /* Inconsolata.otf */; };
		037A9C0612F6F9BB0083840F /* AnonymousUser.plist in Resources */ = {isa = PBXBuildFile; fileRef = 037A9C0512F6F9BB0083840F /* AnonymousUser.plist */; };
		03A662DC12EB499700080F7F /* CBetterCoreDataManager.m in Sources */ = {isa = PBXBuildFile; fileRef = 03A662D512EB499700080F7F /* CBetterCoreDataManager.m */; };
		03A662DD12EB499700080F7F /* CCoreDataManager.m in Sources */ = {isa = PBXBuildFile; fileRef = 03A662D712EB499700080F7F /* CCoreDataManager.m */; };
		03A662DE12EB499700080F7F /* CEntityDataSource.m in Sources */ = {isa = PBXBuildFile; fileRef = 03A662D912EB499700080F7F /* CEntityDataSource.m */; };
		03A662DF12EB499700080F7F /* NSManagedObjectContext_Extensions.m in Sources */ = {isa = PBXBuildFile; fileRef = 03A662DB12EB499700080F7F /* NSManagedObjectContext_Extensions.m */; };
		03A6633512EB4B0100080F7F /* CFetchedResultsTableViewController.m in Sources */ = {isa = PBXBuildFile; fileRef = 03A6632212EB4B0100080F7F /* CFetchedResultsTableViewController.m */; };
		03A6633612EB4B0100080F7F /* CTableViewController.m in Sources */ = {isa = PBXBuildFile; fileRef = 03A6632412EB4B0100080F7F /* CTableViewController.m */; };
		03A6634F12EB4B3C00080F7F /* CCompletionTicket.m in Sources */ = {isa = PBXBuildFile; fileRef = 03A6634812EB4B3C00080F7F /* CCompletionTicket.m */; };
		03A6635012EB4B3C00080F7F /* CManagedURLConnection.m in Sources */ = {isa = PBXBuildFile; fileRef = 03A6634A12EB4B3C00080F7F /* CManagedURLConnection.m */; };
		03A6635112EB4B3C00080F7F /* CURLConnectionManager.m in Sources */ = {isa = PBXBuildFile; fileRef = 03A6634C12EB4B3C00080F7F /* CURLConnectionManager.m */; };
		03A6635212EB4B3C00080F7F /* CURLConnectionManagerChannel.m in Sources */ = {isa = PBXBuildFile; fileRef = 03A6634E12EB4B3C00080F7F /* CURLConnectionManagerChannel.m */; };
		03A6637212EB4B7F00080F7F /* CDataScanner.m in Sources */ = {isa = PBXBuildFile; fileRef = 03A6635912EB4B7F00080F7F /* CDataScanner.m */; };
		03A6637612EB4B7F00080F7F /* CDataScanner_Extensions.m in Sources */ = {isa = PBXBuildFile; fileRef = 03A6636312EB4B7F00080F7F /* CDataScanner_Extensions.m */; };
		03A6637712EB4B7F00080F7F /* NSCharacterSet_Extensions.m in Sources */ = {isa = PBXBuildFile; fileRef = 03A6636512EB4B7F00080F7F /* NSCharacterSet_Extensions.m */; };
		03A6637812EB4B7F00080F7F /* NSDictionary_JSONExtensions.m in Sources */ = {isa = PBXBuildFile; fileRef = 03A6636712EB4B7F00080F7F /* NSDictionary_JSONExtensions.m */; };
		03A6637912EB4B7F00080F7F /* NSScanner_Extensions.m in Sources */ = {isa = PBXBuildFile; fileRef = 03A6636912EB4B7F00080F7F /* NSScanner_Extensions.m */; };
		03A6637A12EB4B7F00080F7F /* CJSONDeserializer.m in Sources */ = {isa = PBXBuildFile; fileRef = 03A6636C12EB4B7F00080F7F /* CJSONDeserializer.m */; };
		03A6637B12EB4B7F00080F7F /* CJSONScanner.m in Sources */ = {isa = PBXBuildFile; fileRef = 03A6636E12EB4B7F00080F7F /* CJSONScanner.m */; };
		03A6637C12EB4B7F00080F7F /* CJSONSerializer.m in Sources */ = {isa = PBXBuildFile; fileRef = 03A6637012EB4B7F00080F7F /* CJSONSerializer.m */; };
		03A6638212EB4BC500080F7F /* NSError_Extensions.m in Sources */ = {isa = PBXBuildFile; fileRef = 03A6638112EB4BC500080F7F /* NSError_Extensions.m */; };
		03A6638512EB4BD100080F7F /* CPointerArray.m in Sources */ = {isa = PBXBuildFile; fileRef = 03A6638412EB4BD100080F7F /* CPointerArray.m */; };
		03A6638B12EB4C0500080F7F /* CHumanDateFormatter.m in Sources */ = {isa = PBXBuildFile; fileRef = 03A6638A12EB4C0500080F7F /* CHumanDateFormatter.m */; };
		03A6648E12EB81B400080F7F /* ASIAuthenticationDialog.m in Sources */ = {isa = PBXBuildFile; fileRef = 03A6643D12EB81B400080F7F /* ASIAuthenticationDialog.m */; };
		03A6648F12EB81B400080F7F /* ASIDataCompressor.m in Sources */ = {isa = PBXBuildFile; fileRef = 03A6644012EB81B400080F7F /* ASIDataCompressor.m */; };
		03A6649012EB81B400080F7F /* ASIDataDecompressor.m in Sources */ = {isa = PBXBuildFile; fileRef = 03A6644212EB81B400080F7F /* ASIDataDecompressor.m */; };
		03A6649112EB81B400080F7F /* ASIDownloadCache.m in Sources */ = {isa = PBXBuildFile; fileRef = 03A6644412EB81B400080F7F /* ASIDownloadCache.m */; };
		03A6649212EB81B400080F7F /* ASIFormDataRequest.m in Sources */ = {isa = PBXBuildFile; fileRef = 03A6644612EB81B400080F7F /* ASIFormDataRequest.m */; };
		03A6649312EB81B400080F7F /* ASIHTTPRequest.m in Sources */ = {isa = PBXBuildFile; fileRef = 03A6644812EB81B400080F7F /* ASIHTTPRequest.m */; };
		03A6649412EB81B400080F7F /* ASIInputStream.m in Sources */ = {isa = PBXBuildFile; fileRef = 03A6644C12EB81B400080F7F /* ASIInputStream.m */; };
		03A6649512EB81B400080F7F /* ASINetworkQueue.m in Sources */ = {isa = PBXBuildFile; fileRef = 03A6644E12EB81B400080F7F /* ASINetworkQueue.m */; };
		03A664CC12EB831600080F7F /* Reachability.m in Sources */ = {isa = PBXBuildFile; fileRef = 03A664CB12EB831600080F7F /* Reachability.m */; };
		03A664D012EB832900080F7F /* libz.dylib in Frameworks */ = {isa = PBXBuildFile; fileRef = 03A664CF12EB832900080F7F /* libz.dylib */; };
		03A664D412EB833600080F7F /* CFNetwork.framework in Frameworks */ = {isa = PBXBuildFile; fileRef = 03A664D312EB833600080F7F /* CFNetwork.framework */; };
		03A664D812EB834400080F7F /* SystemConfiguration.framework in Frameworks */ = {isa = PBXBuildFile; fileRef = 03A664D712EB834400080F7F /* SystemConfiguration.framework */; };
		03A664DC12EB835C00080F7F /* MobileCoreServices.framework in Frameworks */ = {isa = PBXBuildFile; fileRef = 03A664DB12EB835C00080F7F /* MobileCoreServices.framework */; };
		03C18EDA11728DB500B975D1 /* DriftpadAppDelegate.m in Sources */ = {isa = PBXBuildFile; fileRef = 1D3623250D0F684500981E51 /* DriftpadAppDelegate.m */; };
		03C18EDD11728DB800B975D1 /* GEGist.m in Sources */ = {isa = PBXBuildFile; fileRef = 03C172CA1172823100B975D1 /* GEGist.m */; };
		03C18EDE11728DB800B975D1 /* GEGistStore.m in Sources */ = {isa = PBXBuildFile; fileRef = 03C18E85117288C700B975D1 /* GEGistStore.m */; };
		03C18EDF11728DB900B975D1 /* GEGistService.m in Sources */ = {isa = PBXBuildFile; fileRef = 03C172C2117281A400B975D1 /* GEGistService.m */; };
		03C18FCD117291A400B975D1 /* GEGistTableViewController.m in Sources */ = {isa = PBXBuildFile; fileRef = 03C18FCB117291A400B975D1 /* GEGistTableViewController.m */; };
		03C18FCE117291A400B975D1 /* GEGistTableViewController.xib in Resources */ = {isa = PBXBuildFile; fileRef = 03C18FCC117291A400B975D1 /* GEGistTableViewController.xib */; };
		03C1901A117293FB00B975D1 /* GEGistViewController.m in Sources */ = {isa = PBXBuildFile; fileRef = 03C19018117293FB00B975D1 /* GEGistViewController.m */; };
		03C1901B117293FB00B975D1 /* GEGistViewController.xib in Resources */ = {isa = PBXBuildFile; fileRef = 03C19019117293FB00B975D1 /* GEGistViewController.xib */; };
		03C193D51172B35900B975D1 /* NSObject_FUNSNull.m in Sources */ = {isa = PBXBuildFile; fileRef = 03C193D41172B35900B975D1 /* NSObject_FUNSNull.m */; };
		03C197141172D39500B975D1 /* GELoginViewController.m in Sources */ = {isa = PBXBuildFile; fileRef = 03C197121172D39500B975D1 /* GELoginViewController.m */; };
		03C197151172D39500B975D1 /* GELoginViewController.xib in Resources */ = {isa = PBXBuildFile; fileRef = 03C197131172D39500B975D1 /* GELoginViewController.xib */; };
		03C197881172E60F00B975D1 /* welcome.txt in Resources */ = {isa = PBXBuildFile; fileRef = 03C197871172E60F00B975D1 /* welcome.txt */; };
		03E340DB12F0E11B00C655CA /* NSString_Scraping.m in Sources */ = {isa = PBXBuildFile; fileRef = 03E340DA12F0E11B00C655CA /* NSString_Scraping.m */; };
		1D60589F0D05DD5A006BFB54 /* Foundation.framework in Frameworks */ = {isa = PBXBuildFile; fileRef = 1D30AB110D05D00D00671497 /* Foundation.framework */; };
		1DF5F4E00D08C38300B7A737 /* UIKit.framework in Frameworks */ = {isa = PBXBuildFile; fileRef = 1DF5F4DF0D08C38300B7A737 /* UIKit.framework */; };
		280420C1108EA07E000629CD /* CoreData.framework in Frameworks */ = {isa = PBXBuildFile; fileRef = 280420C0108EA07E000629CD /* CoreData.framework */; };
		2892E4100DC94CBA00A64D0F /* CoreGraphics.framework in Frameworks */ = {isa = PBXBuildFile; fileRef = 2892E40F0DC94CBA00A64D0F /* CoreGraphics.framework */; };
/* End PBXBuildFile section */

/* Begin PBXFileReference section */
		030554F0117307F2000D3AF2 /* NSDateFormatter_GithubDateFormatting.h */ = {isa = PBXFileReference; fileEncoding = 4; lastKnownFileType = sourcecode.c.h; path = NSDateFormatter_GithubDateFormatting.h; sourceTree = "<group>"; };
		030554F1117307F2000D3AF2 /* NSDateFormatter_GithubDateFormatting.m */ = {isa = PBXFileReference; fileEncoding = 4; lastKnownFileType = sourcecode.c.objc; path = NSDateFormatter_GithubDateFormatting.m; sourceTree = "<group>"; };
		0305550411730951000D3AF2 /* Driftpad_Prefix.pch */ = {isa = PBXFileReference; fileEncoding = 4; lastKnownFileType = sourcecode.c.h; path = Driftpad_Prefix.pch; sourceTree = SOURCE_ROOT; };
		0305550511730951000D3AF2 /* main.m */ = {isa = PBXFileReference; fileEncoding = 4; lastKnownFileType = sourcecode.c.objc; path = main.m; sourceTree = SOURCE_ROOT; };
		0305550711730992000D3AF2 /* MainWindow.xib */ = {isa = PBXFileReference; lastKnownFileType = file.xib; path = MainWindow.xib; sourceTree = SOURCE_ROOT; };
		03055514117309B6000D3AF2 /* Driftpad.xcdatamodel */ = {isa = PBXFileReference; fileEncoding = 4; lastKnownFileType = wrapper.xcdatamodel; path = Driftpad.xcdatamodel; sourceTree = "<group>"; };
		03055516117309BF000D3AF2 /* Driftpad-Info.plist */ = {isa = PBXFileReference; fileEncoding = 4; lastKnownFileType = text.plist.xml; path = "Driftpad-Info.plist"; sourceTree = SOURCE_ROOT; };
		030555FE11731F66000D3AF2 /* Inconsolata.otf */ = {isa = PBXFileReference; lastKnownFileType = file; path = Inconsolata.otf; sourceTree = "<group>"; };
		037A9C0512F6F9BB0083840F /* AnonymousUser.plist */ = {isa = PBXFileReference; fileEncoding = 4; lastKnownFileType = text.plist.xml; path = AnonymousUser.plist; sourceTree = "<group>"; };
		03A662D412EB499700080F7F /* CBetterCoreDataManager.h */ = {isa = PBXFileReference; fileEncoding = 4; lastKnownFileType = sourcecode.c.h; path = CBetterCoreDataManager.h; sourceTree = "<group>"; };
		03A662D512EB499700080F7F /* CBetterCoreDataManager.m */ = {isa = PBXFileReference; fileEncoding = 4; lastKnownFileType = sourcecode.c.objc; path = CBetterCoreDataManager.m; sourceTree = "<group>"; };
		03A662D612EB499700080F7F /* CCoreDataManager.h */ = {isa = PBXFileReference; fileEncoding = 4; lastKnownFileType = sourcecode.c.h; path = CCoreDataManager.h; sourceTree = "<group>"; };
		03A662D712EB499700080F7F /* CCoreDataManager.m */ = {isa = PBXFileReference; fileEncoding = 4; lastKnownFileType = sourcecode.c.objc; path = CCoreDataManager.m; sourceTree = "<group>"; };
		03A662D812EB499700080F7F /* CEntityDataSource.h */ = {isa = PBXFileReference; fileEncoding = 4; lastKnownFileType = sourcecode.c.h; path = CEntityDataSource.h; sourceTree = "<group>"; };
		03A662D912EB499700080F7F /* CEntityDataSource.m */ = {isa = PBXFileReference; fileEncoding = 4; lastKnownFileType = sourcecode.c.objc; path = CEntityDataSource.m; sourceTree = "<group>"; };
		03A662DA12EB499700080F7F /* NSManagedObjectContext_Extensions.h */ = {isa = PBXFileReference; fileEncoding = 4; lastKnownFileType = sourcecode.c.h; path = NSManagedObjectContext_Extensions.h; sourceTree = "<group>"; };
		03A662DB12EB499700080F7F /* NSManagedObjectContext_Extensions.m */ = {isa = PBXFileReference; fileEncoding = 4; lastKnownFileType = sourcecode.c.objc; path = NSManagedObjectContext_Extensions.m; sourceTree = "<group>"; };
		03A6632112EB4B0100080F7F /* CFetchedResultsTableViewController.h */ = {isa = PBXFileReference; fileEncoding = 4; lastKnownFileType = sourcecode.c.h; path = CFetchedResultsTableViewController.h; sourceTree = "<group>"; };
		03A6632212EB4B0100080F7F /* CFetchedResultsTableViewController.m */ = {isa = PBXFileReference; fileEncoding = 4; lastKnownFileType = sourcecode.c.objc; path = CFetchedResultsTableViewController.m; sourceTree = "<group>"; };
		03A6632312EB4B0100080F7F /* CTableViewController.h */ = {isa = PBXFileReference; fileEncoding = 4; lastKnownFileType = sourcecode.c.h; path = CTableViewController.h; sourceTree = "<group>"; };
		03A6632412EB4B0100080F7F /* CTableViewController.m */ = {isa = PBXFileReference; fileEncoding = 4; lastKnownFileType = sourcecode.c.objc; path = CTableViewController.m; sourceTree = "<group>"; };
		03A6634712EB4B3C00080F7F /* CCompletionTicket.h */ = {isa = PBXFileReference; fileEncoding = 4; lastKnownFileType = sourcecode.c.h; path = CCompletionTicket.h; sourceTree = "<group>"; };
		03A6634812EB4B3C00080F7F /* CCompletionTicket.m */ = {isa = PBXFileReference; fileEncoding = 4; lastKnownFileType = sourcecode.c.objc; path = CCompletionTicket.m; sourceTree = "<group>"; };
		03A6634912EB4B3C00080F7F /* CManagedURLConnection.h */ = {isa = PBXFileReference; fileEncoding = 4; lastKnownFileType = sourcecode.c.h; path = CManagedURLConnection.h; sourceTree = "<group>"; };
		03A6634A12EB4B3C00080F7F /* CManagedURLConnection.m */ = {isa = PBXFileReference; fileEncoding = 4; lastKnownFileType = sourcecode.c.objc; path = CManagedURLConnection.m; sourceTree = "<group>"; };
		03A6634B12EB4B3C00080F7F /* CURLConnectionManager.h */ = {isa = PBXFileReference; fileEncoding = 4; lastKnownFileType = sourcecode.c.h; path = CURLConnectionManager.h; sourceTree = "<group>"; };
		03A6634C12EB4B3C00080F7F /* CURLConnectionManager.m */ = {isa = PBXFileReference; fileEncoding = 4; lastKnownFileType = sourcecode.c.objc; path = CURLConnectionManager.m; sourceTree = "<group>"; };
		03A6634D12EB4B3C00080F7F /* CURLConnectionManagerChannel.h */ = {isa = PBXFileReference; fileEncoding = 4; lastKnownFileType = sourcecode.c.h; path = CURLConnectionManagerChannel.h; sourceTree = "<group>"; };
		03A6634E12EB4B3C00080F7F /* CURLConnectionManagerChannel.m */ = {isa = PBXFileReference; fileEncoding = 4; lastKnownFileType = sourcecode.c.objc; path = CURLConnectionManagerChannel.m; sourceTree = "<group>"; };
		03A6635812EB4B7F00080F7F /* CDataScanner.h */ = {isa = PBXFileReference; fileEncoding = 4; lastKnownFileType = sourcecode.c.h; path = CDataScanner.h; sourceTree = "<group>"; };
		03A6635912EB4B7F00080F7F /* CDataScanner.m */ = {isa = PBXFileReference; fileEncoding = 4; lastKnownFileType = sourcecode.c.objc; path = CDataScanner.m; sourceTree = "<group>"; };
		03A6636212EB4B7F00080F7F /* CDataScanner_Extensions.h */ = {isa = PBXFileReference; fileEncoding = 4; lastKnownFileType = sourcecode.c.h; path = CDataScanner_Extensions.h; sourceTree = "<group>"; };
		03A6636312EB4B7F00080F7F /* CDataScanner_Extensions.m */ = {isa = PBXFileReference; fileEncoding = 4; lastKnownFileType = sourcecode.c.objc; path = CDataScanner_Extensions.m; sourceTree = "<group>"; };
		03A6636412EB4B7F00080F7F /* NSCharacterSet_Extensions.h */ = {isa = PBXFileReference; fileEncoding = 4; lastKnownFileType = sourcecode.c.h; path = NSCharacterSet_Extensions.h; sourceTree = "<group>"; };
		03A6636512EB4B7F00080F7F /* NSCharacterSet_Extensions.m */ = {isa = PBXFileReference; fileEncoding = 4; lastKnownFileType = sourcecode.c.objc; path = NSCharacterSet_Extensions.m; sourceTree = "<group>"; };
		03A6636612EB4B7F00080F7F /* NSDictionary_JSONExtensions.h */ = {isa = PBXFileReference; fileEncoding = 4; lastKnownFileType = sourcecode.c.h; path = NSDictionary_JSONExtensions.h; sourceTree = "<group>"; };
		03A6636712EB4B7F00080F7F /* NSDictionary_JSONExtensions.m */ = {isa = PBXFileReference; fileEncoding = 4; lastKnownFileType = sourcecode.c.objc; path = NSDictionary_JSONExtensions.m; sourceTree = "<group>"; };
		03A6636812EB4B7F00080F7F /* NSScanner_Extensions.h */ = {isa = PBXFileReference; fileEncoding = 4; lastKnownFileType = sourcecode.c.h; path = NSScanner_Extensions.h; sourceTree = "<group>"; };
		03A6636912EB4B7F00080F7F /* NSScanner_Extensions.m */ = {isa = PBXFileReference; fileEncoding = 4; lastKnownFileType = sourcecode.c.objc; path = NSScanner_Extensions.m; sourceTree = "<group>"; };
		03A6636B12EB4B7F00080F7F /* CJSONDeserializer.h */ = {isa = PBXFileReference; fileEncoding = 4; lastKnownFileType = sourcecode.c.h; path = CJSONDeserializer.h; sourceTree = "<group>"; };
		03A6636C12EB4B7F00080F7F /* CJSONDeserializer.m */ = {isa = PBXFileReference; fileEncoding = 4; lastKnownFileType = sourcecode.c.objc; path = CJSONDeserializer.m; sourceTree = "<group>"; };
		03A6636D12EB4B7F00080F7F /* CJSONScanner.h */ = {isa = PBXFileReference; fileEncoding = 4; lastKnownFileType = sourcecode.c.h; path = CJSONScanner.h; sourceTree = "<group>"; };
		03A6636E12EB4B7F00080F7F /* CJSONScanner.m */ = {isa = PBXFileReference; fileEncoding = 4; lastKnownFileType = sourcecode.c.objc; path = CJSONScanner.m; sourceTree = "<group>"; };
		03A6636F12EB4B7F00080F7F /* CJSONSerializer.h */ = {isa = PBXFileReference; fileEncoding = 4; lastKnownFileType = sourcecode.c.h; path = CJSONSerializer.h; sourceTree = "<group>"; };
		03A6637012EB4B7F00080F7F /* CJSONSerializer.m */ = {isa = PBXFileReference; fileEncoding = 4; lastKnownFileType = sourcecode.c.objc; path = CJSONSerializer.m; sourceTree = "<group>"; };
		03A6637112EB4B7F00080F7F /* JSONRepresentation.h */ = {isa = PBXFileReference; fileEncoding = 4; lastKnownFileType = sourcecode.c.h; path = JSONRepresentation.h; sourceTree = "<group>"; };
		03A6638012EB4BC500080F7F /* NSError_Extensions.h */ = {isa = PBXFileReference; fileEncoding = 4; lastKnownFileType = sourcecode.c.h; path = NSError_Extensions.h; sourceTree = "<group>"; };
		03A6638112EB4BC500080F7F /* NSError_Extensions.m */ = {isa = PBXFileReference; fileEncoding = 4; lastKnownFileType = sourcecode.c.objc; path = NSError_Extensions.m; sourceTree = "<group>"; };
		03A6638312EB4BD100080F7F /* CPointerArray.h */ = {isa = PBXFileReference; fileEncoding = 4; lastKnownFileType = sourcecode.c.h; path = CPointerArray.h; sourceTree = "<group>"; };
		03A6638412EB4BD100080F7F /* CPointerArray.m */ = {isa = PBXFileReference; fileEncoding = 4; lastKnownFileType = sourcecode.c.objc; path = CPointerArray.m; sourceTree = "<group>"; };
		03A6638912EB4C0500080F7F /* CHumanDateFormatter.h */ = {isa = PBXFileReference; fileEncoding = 4; lastKnownFileType = sourcecode.c.h; path = CHumanDateFormatter.h; sourceTree = "<group>"; };
		03A6638A12EB4C0500080F7F /* CHumanDateFormatter.m */ = {isa = PBXFileReference; fileEncoding = 4; lastKnownFileType = sourcecode.c.objc; path = CHumanDateFormatter.m; sourceTree = "<group>"; };
		03A6643C12EB81B400080F7F /* ASIAuthenticationDialog.h */ = {isa = PBXFileReference; fileEncoding = 4; lastKnownFileType = sourcecode.c.h; path = ASIAuthenticationDialog.h; sourceTree = "<group>"; };
		03A6643D12EB81B400080F7F /* ASIAuthenticationDialog.m */ = {isa = PBXFileReference; fileEncoding = 4; lastKnownFileType = sourcecode.c.objc; path = ASIAuthenticationDialog.m; sourceTree = "<group>"; };
		03A6643E12EB81B400080F7F /* ASICacheDelegate.h */ = {isa = PBXFileReference; fileEncoding = 4; lastKnownFileType = sourcecode.c.h; path = ASICacheDelegate.h; sourceTree = "<group>"; };
		03A6643F12EB81B400080F7F /* ASIDataCompressor.h */ = {isa = PBXFileReference; fileEncoding = 4; lastKnownFileType = sourcecode.c.h; path = ASIDataCompressor.h; sourceTree = "<group>"; };
		03A6644012EB81B400080F7F /* ASIDataCompressor.m */ = {isa = PBXFileReference; fileEncoding = 4; lastKnownFileType = sourcecode.c.objc; path = ASIDataCompressor.m; sourceTree = "<group>"; };
		03A6644112EB81B400080F7F /* ASIDataDecompressor.h */ = {isa = PBXFileReference; fileEncoding = 4; lastKnownFileType = sourcecode.c.h; path = ASIDataDecompressor.h; sourceTree = "<group>"; };
		03A6644212EB81B400080F7F /* ASIDataDecompressor.m */ = {isa = PBXFileReference; fileEncoding = 4; lastKnownFileType = sourcecode.c.objc; path = ASIDataDecompressor.m; sourceTree = "<group>"; };
		03A6644312EB81B400080F7F /* ASIDownloadCache.h */ = {isa = PBXFileReference; fileEncoding = 4; lastKnownFileType = sourcecode.c.h; path = ASIDownloadCache.h; sourceTree = "<group>"; };
		03A6644412EB81B400080F7F /* ASIDownloadCache.m */ = {isa = PBXFileReference; fileEncoding = 4; lastKnownFileType = sourcecode.c.objc; path = ASIDownloadCache.m; sourceTree = "<group>"; };
		03A6644512EB81B400080F7F /* ASIFormDataRequest.h */ = {isa = PBXFileReference; fileEncoding = 4; lastKnownFileType = sourcecode.c.h; path = ASIFormDataRequest.h; sourceTree = "<group>"; };
		03A6644612EB81B400080F7F /* ASIFormDataRequest.m */ = {isa = PBXFileReference; fileEncoding = 4; lastKnownFileType = sourcecode.c.objc; path = ASIFormDataRequest.m; sourceTree = "<group>"; };
		03A6644712EB81B400080F7F /* ASIHTTPRequest.h */ = {isa = PBXFileReference; fileEncoding = 4; lastKnownFileType = sourcecode.c.h; path = ASIHTTPRequest.h; sourceTree = "<group>"; };
		03A6644812EB81B400080F7F /* ASIHTTPRequest.m */ = {isa = PBXFileReference; fileEncoding = 4; lastKnownFileType = sourcecode.c.objc; path = ASIHTTPRequest.m; sourceTree = "<group>"; };
		03A6644912EB81B400080F7F /* ASIHTTPRequestConfig.h */ = {isa = PBXFileReference; fileEncoding = 4; lastKnownFileType = sourcecode.c.h; path = ASIHTTPRequestConfig.h; sourceTree = "<group>"; };
		03A6644A12EB81B400080F7F /* ASIHTTPRequestDelegate.h */ = {isa = PBXFileReference; fileEncoding = 4; lastKnownFileType = sourcecode.c.h; path = ASIHTTPRequestDelegate.h; sourceTree = "<group>"; };
		03A6644B12EB81B400080F7F /* ASIInputStream.h */ = {isa = PBXFileReference; fileEncoding = 4; lastKnownFileType = sourcecode.c.h; path = ASIInputStream.h; sourceTree = "<group>"; };
		03A6644C12EB81B400080F7F /* ASIInputStream.m */ = {isa = PBXFileReference; fileEncoding = 4; lastKnownFileType = sourcecode.c.objc; path = ASIInputStream.m; sourceTree = "<group>"; };
		03A6644D12EB81B400080F7F /* ASINetworkQueue.h */ = {isa = PBXFileReference; fileEncoding = 4; lastKnownFileType = sourcecode.c.h; path = ASINetworkQueue.h; sourceTree = "<group>"; };
		03A6644E12EB81B400080F7F /* ASINetworkQueue.m */ = {isa = PBXFileReference; fileEncoding = 4; lastKnownFileType = sourcecode.c.objc; path = ASINetworkQueue.m; sourceTree = "<group>"; };
		03A6644F12EB81B400080F7F /* ASIProgressDelegate.h */ = {isa = PBXFileReference; fileEncoding = 4; lastKnownFileType = sourcecode.c.h; path = ASIProgressDelegate.h; sourceTree = "<group>"; };
		03A664CA12EB831600080F7F /* Reachability.h */ = {isa = PBXFileReference; fileEncoding = 4; lastKnownFileType = sourcecode.c.h; path = Reachability.h; sourceTree = "<group>"; };
		03A664CB12EB831600080F7F /* Reachability.m */ = {isa = PBXFileReference; fileEncoding = 4; lastKnownFileType = sourcecode.c.objc; path = Reachability.m; sourceTree = "<group>"; };
		03A664CF12EB832900080F7F /* libz.dylib */ = {isa = PBXFileReference; lastKnownFileType = "compiled.mach-o.dylib"; name = libz.dylib; path = usr/lib/libz.dylib; sourceTree = SDKROOT; };
		03A664D312EB833600080F7F /* CFNetwork.framework */ = {isa = PBXFileReference; lastKnownFileType = wrapper.framework; name = CFNetwork.framework; path = System/Library/Frameworks/CFNetwork.framework; sourceTree = SDKROOT; };
		03A664D712EB834400080F7F /* SystemConfiguration.framework */ = {isa = PBXFileReference; lastKnownFileType = wrapper.framework; name = SystemConfiguration.framework; path = System/Library/Frameworks/SystemConfiguration.framework; sourceTree = SDKROOT; };
		03A664DB12EB835C00080F7F /* MobileCoreServices.framework */ = {isa = PBXFileReference; lastKnownFileType = wrapper.framework; name = MobileCoreServices.framework; path = System/Library/Frameworks/MobileCoreServices.framework; sourceTree = SDKROOT; };
		03C172C1117281A400B975D1 /* GEGistService.h */ = {isa = PBXFileReference; fileEncoding = 4; lastKnownFileType = sourcecode.c.h; path = GEGistService.h; sourceTree = "<group>"; };
		03C172C2117281A400B975D1 /* GEGistService.m */ = {isa = PBXFileReference; fileEncoding = 4; lastKnownFileType = sourcecode.c.objc; path = GEGistService.m; sourceTree = "<group>"; };
		03C172C91172823100B975D1 /* GEGist.h */ = {isa = PBXFileReference; fileEncoding = 4; lastKnownFileType = sourcecode.c.h; path = GEGist.h; sourceTree = "<group>"; };
		03C172CA1172823100B975D1 /* GEGist.m */ = {isa = PBXFileReference; fileEncoding = 4; lastKnownFileType = sourcecode.c.objc; path = GEGist.m; sourceTree = "<group>"; };
		03C18E84117288C700B975D1 /* GEGistStore.h */ = {isa = PBXFileReference; fileEncoding = 4; lastKnownFileType = sourcecode.c.h; path = GEGistStore.h; sourceTree = "<group>"; };
		03C18E85117288C700B975D1 /* GEGistStore.m */ = {isa = PBXFileReference; fileEncoding = 4; lastKnownFileType = sourcecode.c.objc; path = GEGistStore.m; sourceTree = "<group>"; };
		03C18FCA117291A400B975D1 /* GEGistTableViewController.h */ = {isa = PBXFileReference; fileEncoding = 4; lastKnownFileType = sourcecode.c.h; path = GEGistTableViewController.h; sourceTree = "<group>"; };
		03C18FCB117291A400B975D1 /* GEGistTableViewController.m */ = {isa = PBXFileReference; fileEncoding = 4; lastKnownFileType = sourcecode.c.objc; path = GEGistTableViewController.m; sourceTree = "<group>"; };
		03C18FCC117291A400B975D1 /* GEGistTableViewController.xib */ = {isa = PBXFileReference; lastKnownFileType = file.xib; path = GEGistTableViewController.xib; sourceTree = "<group>"; };
		03C19017117293FB00B975D1 /* GEGistViewController.h */ = {isa = PBXFileReference; fileEncoding = 4; lastKnownFileType = sourcecode.c.h; path = GEGistViewController.h; sourceTree = "<group>"; };
		03C19018117293FB00B975D1 /* GEGistViewController.m */ = {isa = PBXFileReference; fileEncoding = 4; lastKnownFileType = sourcecode.c.objc; path = GEGistViewController.m; sourceTree = "<group>"; };
		03C19019117293FB00B975D1 /* GEGistViewController.xib */ = {isa = PBXFileReference; lastKnownFileType = file.xib; path = GEGistViewController.xib; sourceTree = "<group>"; };
		03C193D31172B35900B975D1 /* NSObject_FUNSNull.h */ = {isa = PBXFileReference; fileEncoding = 4; lastKnownFileType = sourcecode.c.h; path = NSObject_FUNSNull.h; sourceTree = "<group>"; };
		03C193D41172B35900B975D1 /* NSObject_FUNSNull.m */ = {isa = PBXFileReference; fileEncoding = 4; lastKnownFileType = sourcecode.c.objc; path = NSObject_FUNSNull.m; sourceTree = "<group>"; };
		03C197111172D39500B975D1 /* GELoginViewController.h */ = {isa = PBXFileReference; fileEncoding = 4; lastKnownFileType = sourcecode.c.h; path = GELoginViewController.h; sourceTree = "<group>"; };
		03C197121172D39500B975D1 /* GELoginViewController.m */ = {isa = PBXFileReference; fileEncoding = 4; lastKnownFileType = sourcecode.c.objc; path = GELoginViewController.m; sourceTree = "<group>"; };
		03C197131172D39500B975D1 /* GELoginViewController.xib */ = {isa = PBXFileReference; lastKnownFileType = file.xib; path = GELoginViewController.xib; sourceTree = "<group>"; };
		03C197871172E60F00B975D1 /* welcome.txt */ = {isa = PBXFileReference; fileEncoding = 4; lastKnownFileType = text; path = welcome.txt; sourceTree = "<group>"; };
		03E340D912F0E11B00C655CA /* NSString_Scraping.h */ = {isa = PBXFileReference; fileEncoding = 4; lastKnownFileType = sourcecode.c.h; path = NSString_Scraping.h; sourceTree = "<group>"; };
		03E340DA12F0E11B00C655CA /* NSString_Scraping.m */ = {isa = PBXFileReference; fileEncoding = 4; lastKnownFileType = sourcecode.c.objc; path = NSString_Scraping.m; sourceTree = "<group>"; };
		1D30AB110D05D00D00671497 /* Foundation.framework */ = {isa = PBXFileReference; lastKnownFileType = wrapper.framework; name = Foundation.framework; path = System/Library/Frameworks/Foundation.framework; sourceTree = SDKROOT; };
		1D3623240D0F684500981E51 /* DriftpadAppDelegate.h */ = {isa = PBXFileReference; fileEncoding = 4; lastKnownFileType = sourcecode.c.h; path = DriftpadAppDelegate.h; sourceTree = "<group>"; };
		1D3623250D0F684500981E51 /* DriftpadAppDelegate.m */ = {isa = PBXFileReference; fileEncoding = 4; lastKnownFileType = sourcecode.c.objc; path = DriftpadAppDelegate.m; sourceTree = "<group>"; };
		1D6058910D05DD3D006BFB54 /* Driftpad.app */ = {isa = PBXFileReference; explicitFileType = wrapper.application; includeInIndex = 0; path = Driftpad.app; sourceTree = BUILT_PRODUCTS_DIR; };
		1DF5F4DF0D08C38300B7A737 /* UIKit.framework */ = {isa = PBXFileReference; lastKnownFileType = wrapper.framework; name = UIKit.framework; path = System/Library/Frameworks/UIKit.framework; sourceTree = SDKROOT; };
		280420C0108EA07E000629CD /* CoreData.framework */ = {isa = PBXFileReference; lastKnownFileType = wrapper.framework; name = CoreData.framework; path = System/Library/Frameworks/CoreData.framework; sourceTree = SDKROOT; };
		2892E40F0DC94CBA00A64D0F /* CoreGraphics.framework */ = {isa = PBXFileReference; lastKnownFileType = wrapper.framework; name = CoreGraphics.framework; path = System/Library/Frameworks/CoreGraphics.framework; sourceTree = SDKROOT; };
/* End PBXFileReference section */

/* Begin PBXFrameworksBuildPhase section */
		1D60588F0D05DD3D006BFB54 /* Frameworks */ = {
			isa = PBXFrameworksBuildPhase;
			buildActionMask = 2147483647;
			files = (
				1D60589F0D05DD5A006BFB54 /* Foundation.framework in Frameworks */,
				1DF5F4E00D08C38300B7A737 /* UIKit.framework in Frameworks */,
				2892E4100DC94CBA00A64D0F /* CoreGraphics.framework in Frameworks */,
				280420C1108EA07E000629CD /* CoreData.framework in Frameworks */,
				03A664D012EB832900080F7F /* libz.dylib in Frameworks */,
				03A664D412EB833600080F7F /* CFNetwork.framework in Frameworks */,
				03A664D812EB834400080F7F /* SystemConfiguration.framework in Frameworks */,
				03A664DC12EB835C00080F7F /* MobileCoreServices.framework in Frameworks */,
			);
			runOnlyForDeploymentPostprocessing = 0;
		};
/* End PBXFrameworksBuildPhase section */

/* Begin PBXGroup section */
		03A662D112EB497000080F7F /* TouchFoundation */ = {
			isa = PBXGroup;
			children = (
				03A6638812EB4BF300080F7F /* ValueTransformers */,
				03A6638312EB4BD100080F7F /* CPointerArray.h */,
				03A6638412EB4BD100080F7F /* CPointerArray.m */,
				03A662D312EB499700080F7F /* CoreData */,
				03A6637F12EB4BB600080F7F /* Extensions */,
			);
			name = TouchFoundation;
			path = Externals/TouchFoundation/Source;
			sourceTree = "<group>";
		};
		03A662D212EB497500080F7F /* TouchJSON */ = {
			isa = PBXGroup;
			children = (
				03A6635812EB4B7F00080F7F /* CDataScanner.h */,
				03A6635912EB4B7F00080F7F /* CDataScanner.m */,
				03A6636112EB4B7F00080F7F /* Extensions */,
				03A6636A12EB4B7F00080F7F /* JSON */,
			);
			name = TouchJSON;
			path = Externals/TouchJSON/Source;
			sourceTree = "<group>";
		};
		03A662D312EB499700080F7F /* CoreData */ = {
			isa = PBXGroup;
			children = (
				03A662D412EB499700080F7F /* CBetterCoreDataManager.h */,
				03A662D512EB499700080F7F /* CBetterCoreDataManager.m */,
				03A662D612EB499700080F7F /* CCoreDataManager.h */,
				03A662D712EB499700080F7F /* CCoreDataManager.m */,
				03A662D812EB499700080F7F /* CEntityDataSource.h */,
				03A662D912EB499700080F7F /* CEntityDataSource.m */,
				03A662DA12EB499700080F7F /* NSManagedObjectContext_Extensions.h */,
				03A662DB12EB499700080F7F /* NSManagedObjectContext_Extensions.m */,
			);
			path = CoreData;
			sourceTree = "<group>";
		};
		03A662F812EB4A2E00080F7F /* TouchUI */ = {
			isa = PBXGroup;
			children = (
				03A6631E12EB4B0100080F7F /* Controllers */,
			);
			name = TouchUI;
			path = Externals/TouchUI/Source;
			sourceTree = "<group>";
		};
		03A6631E12EB4B0100080F7F /* Controllers */ = {
			isa = PBXGroup;
			children = (
				03A6632112EB4B0100080F7F /* CFetchedResultsTableViewController.h */,
				03A6632212EB4B0100080F7F /* CFetchedResultsTableViewController.m */,
				03A6632312EB4B0100080F7F /* CTableViewController.h */,
				03A6632412EB4B0100080F7F /* CTableViewController.m */,
			);
			path = Controllers;
			sourceTree = "<group>";
		};
		03A6634512EB4B1F00080F7F /* TouchRSS */ = {
			isa = PBXGroup;
			children = (
				03A6634612EB4B3C00080F7F /* Deprecated */,
			);
			name = TouchRSS;
			path = Externals/TouchRSS/Source;
			sourceTree = "<group>";
		};
		03A6634612EB4B3C00080F7F /* Deprecated */ = {
			isa = PBXGroup;
			children = (
				03A6634712EB4B3C00080F7F /* CCompletionTicket.h */,
				03A6634812EB4B3C00080F7F /* CCompletionTicket.m */,
				03A6634912EB4B3C00080F7F /* CManagedURLConnection.h */,
				03A6634A12EB4B3C00080F7F /* CManagedURLConnection.m */,
				03A6634B12EB4B3C00080F7F /* CURLConnectionManager.h */,
				03A6634C12EB4B3C00080F7F /* CURLConnectionManager.m */,
				03A6634D12EB4B3C00080F7F /* CURLConnectionManagerChannel.h */,
				03A6634E12EB4B3C00080F7F /* CURLConnectionManagerChannel.m */,
			);
			path = Deprecated;
			sourceTree = "<group>";
		};
		03A6636112EB4B7F00080F7F /* Extensions */ = {
			isa = PBXGroup;
			children = (
				03A6636212EB4B7F00080F7F /* CDataScanner_Extensions.h */,
				03A6636312EB4B7F00080F7F /* CDataScanner_Extensions.m */,
				03A6636412EB4B7F00080F7F /* NSCharacterSet_Extensions.h */,
				03A6636512EB4B7F00080F7F /* NSCharacterSet_Extensions.m */,
				03A6636612EB4B7F00080F7F /* NSDictionary_JSONExtensions.h */,
				03A6636712EB4B7F00080F7F /* NSDictionary_JSONExtensions.m */,
				03A6636812EB4B7F00080F7F /* NSScanner_Extensions.h */,
				03A6636912EB4B7F00080F7F /* NSScanner_Extensions.m */,
			);
			path = Extensions;
			sourceTree = "<group>";
		};
		03A6636A12EB4B7F00080F7F /* JSON */ = {
			isa = PBXGroup;
			children = (
				03A6636B12EB4B7F00080F7F /* CJSONDeserializer.h */,
				03A6636C12EB4B7F00080F7F /* CJSONDeserializer.m */,
				03A6636D12EB4B7F00080F7F /* CJSONScanner.h */,
				03A6636E12EB4B7F00080F7F /* CJSONScanner.m */,
				03A6636F12EB4B7F00080F7F /* CJSONSerializer.h */,
				03A6637012EB4B7F00080F7F /* CJSONSerializer.m */,
				03A6637112EB4B7F00080F7F /* JSONRepresentation.h */,
			);
			path = JSON;
			sourceTree = "<group>";
		};
		03A6637F12EB4BB600080F7F /* Extensions */ = {
			isa = PBXGroup;
			children = (
				03A6638012EB4BC500080F7F /* NSError_Extensions.h */,
				03A6638112EB4BC500080F7F /* NSError_Extensions.m */,
			);
			path = Extensions;
			sourceTree = "<group>";
		};
		03A6638812EB4BF300080F7F /* ValueTransformers */ = {
			isa = PBXGroup;
			children = (
				03A6638912EB4C0500080F7F /* CHumanDateFormatter.h */,
				03A6638A12EB4C0500080F7F /* CHumanDateFormatter.m */,
			);
			path = ValueTransformers;
			sourceTree = "<group>";
		};
		03A6643B12EB81B400080F7F /* ASIHTTPRequest */ = {
			isa = PBXGroup;
			children = (
				03A664C912EB831600080F7F /* Reachability */,
				03A6643C12EB81B400080F7F /* ASIAuthenticationDialog.h */,
				03A6643D12EB81B400080F7F /* ASIAuthenticationDialog.m */,
				03A6643E12EB81B400080F7F /* ASICacheDelegate.h */,
				03A6643F12EB81B400080F7F /* ASIDataCompressor.h */,
				03A6644012EB81B400080F7F /* ASIDataCompressor.m */,
				03A6644112EB81B400080F7F /* ASIDataDecompressor.h */,
				03A6644212EB81B400080F7F /* ASIDataDecompressor.m */,
				03A6644312EB81B400080F7F /* ASIDownloadCache.h */,
				03A6644412EB81B400080F7F /* ASIDownloadCache.m */,
				03A6644512EB81B400080F7F /* ASIFormDataRequest.h */,
				03A6644612EB81B400080F7F /* ASIFormDataRequest.m */,
				03A6644712EB81B400080F7F /* ASIHTTPRequest.h */,
				03A6644812EB81B400080F7F /* ASIHTTPRequest.m */,
				03A6644912EB81B400080F7F /* ASIHTTPRequestConfig.h */,
				03A6644A12EB81B400080F7F /* ASIHTTPRequestDelegate.h */,
				03A6644B12EB81B400080F7F /* ASIInputStream.h */,
				03A6644C12EB81B400080F7F /* ASIInputStream.m */,
				03A6644D12EB81B400080F7F /* ASINetworkQueue.h */,
				03A6644E12EB81B400080F7F /* ASINetworkQueue.m */,
				03A6644F12EB81B400080F7F /* ASIProgressDelegate.h */,
			);
			name = ASIHTTPRequest;
			path = "Externals/asi-http-request/Classes";
			sourceTree = "<group>";
		};
		03A664C912EB831600080F7F /* Reachability */ = {
			isa = PBXGroup;
			children = (
				03A664CA12EB831600080F7F /* Reachability.h */,
				03A664CB12EB831600080F7F /* Reachability.m */,
			);
			name = Reachability;
			path = "Externals/asi-http-request/External/Reachability";
			sourceTree = SOURCE_ROOT;
		};
		03C172BD1172817300B975D1 /* Controllers */ = {
			isa = PBXGroup;
			children = (
				03C18FCA117291A400B975D1 /* GEGistTableViewController.h */,
				03C18FCB117291A400B975D1 /* GEGistTableViewController.m */,
				03C18FCC117291A400B975D1 /* GEGistTableViewController.xib */,
				03C19017117293FB00B975D1 /* GEGistViewController.h */,
				03C19018117293FB00B975D1 /* GEGistViewController.m */,
				03C19019117293FB00B975D1 /* GEGistViewController.xib */,
				03C197111172D39500B975D1 /* GELoginViewController.h */,
				03C197121172D39500B975D1 /* GELoginViewController.m */,
				03C197131172D39500B975D1 /* GELoginViewController.xib */,
			);
			path = Controllers;
			sourceTree = "<group>";
		};
		03C172BE1172817300B975D1 /* Models */ = {
			isa = PBXGroup;
			children = (
				03C18E84117288C700B975D1 /* GEGistStore.h */,
				03C18E85117288C700B975D1 /* GEGistStore.m */,
				03C172C91172823100B975D1 /* GEGist.h */,
				03C172CA1172823100B975D1 /* GEGist.m */,
			);
			path = Models;
			sourceTree = "<group>";
		};
		03C172BF1172817300B975D1 /* Service */ = {
			isa = PBXGroup;
			children = (
				03C172C1117281A400B975D1 /* GEGistService.h */,
				03C172C2117281A400B975D1 /* GEGistService.m */,
			);
			path = Service;
			sourceTree = "<group>";
		};
		03C172C01172817300B975D1 /* Views */ = {
			isa = PBXGroup;
			children = (
			);
			path = Views;
			sourceTree = "<group>";
		};
		03C172CD1172827100B975D1 /* Externals */ = {
			isa = PBXGroup;
			children = (
				03A6643B12EB81B400080F7F /* ASIHTTPRequest */,
				03A6634512EB4B1F00080F7F /* TouchRSS */,
				03A662F812EB4A2E00080F7F /* TouchUI */,
				03A662D212EB497500080F7F /* TouchJSON */,
				03A662D112EB497000080F7F /* TouchFoundation */,
			);
			name = Externals;
			sourceTree = "<group>";
		};
		03E340D712F0E10200C655CA /* Extensions */ = {
			isa = PBXGroup;
			children = (
				03E340D912F0E11B00C655CA /* NSString_Scraping.h */,
				03E340DA12F0E11B00C655CA /* NSString_Scraping.m */,
			);
			path = Extensions;
			sourceTree = "<group>";
		};
		080E96DDFE201D6D7F000001 /* Classes */ = {
			isa = PBXGroup;
			children = (
				03E340D712F0E10200C655CA /* Extensions */,
				1D3623240D0F684500981E51 /* DriftpadAppDelegate.h */,
				1D3623250D0F684500981E51 /* DriftpadAppDelegate.m */,
				03C172BD1172817300B975D1 /* Controllers */,
				03C172BE1172817300B975D1 /* Models */,
				03C172BF1172817300B975D1 /* Service */,
				03C172C01172817300B975D1 /* Views */,
			);
			path = Classes;
			sourceTree = "<group>";
		};
		19C28FACFE9D520D11CA2CBB /* Products */ = {
			isa = PBXGroup;
			children = (
				1D6058910D05DD3D006BFB54 /* Driftpad.app */,
			);
			name = Products;
			sourceTree = "<group>";
		};
		29B97314FDCFA39411CA2CEA /* CustomTemplate */ = {
			isa = PBXGroup;
			children = (
				080E96DDFE201D6D7F000001 /* Classes */,
				03C172CD1172827100B975D1 /* Externals */,
				29B97315FDCFA39411CA2CEA /* Other Sources */,
				29B97317FDCFA39411CA2CEA /* Resources */,
				29B97323FDCFA39411CA2CEA /* Frameworks */,
				19C28FACFE9D520D11CA2CBB /* Products */,
			);
			name = CustomTemplate;
			sourceTree = "<group>";
		};
		29B97315FDCFA39411CA2CEA /* Other Sources */ = {
			isa = PBXGroup;
			children = (
				0305550411730951000D3AF2 /* Driftpad_Prefix.pch */,
				0305550511730951000D3AF2 /* main.m */,
				03C193D31172B35900B975D1 /* NSObject_FUNSNull.h */,
				03C193D41172B35900B975D1 /* NSObject_FUNSNull.m */,
				030554F0117307F2000D3AF2 /* NSDateFormatter_GithubDateFormatting.h */,
				030554F1117307F2000D3AF2 /* NSDateFormatter_GithubDateFormatting.m */,
			);
			path = "Other Sources";
			sourceTree = "<group>";
		};
		29B97317FDCFA39411CA2CEA /* Resources */ = {
			isa = PBXGroup;
			children = (
				0305550711730992000D3AF2 /* MainWindow.xib */,
				03055513117309B6000D3AF2 /* Driftpad.xcdatamodeld */,
				03055516117309BF000D3AF2 /* Driftpad-Info.plist */,
				03C197871172E60F00B975D1 /* welcome.txt */,
				030555FE11731F66000D3AF2 /* Inconsolata.otf */,
				037A9C0512F6F9BB0083840F /* AnonymousUser.plist */,
			);
			path = Resources;
			sourceTree = "<group>";
		};
		29B97323FDCFA39411CA2CEA /* Frameworks */ = {
			isa = PBXGroup;
			children = (
				1DF5F4DF0D08C38300B7A737 /* UIKit.framework */,
				1D30AB110D05D00D00671497 /* Foundation.framework */,
				2892E40F0DC94CBA00A64D0F /* CoreGraphics.framework */,
				280420C0108EA07E000629CD /* CoreData.framework */,
				03A664CF12EB832900080F7F /* libz.dylib */,
				03A664D312EB833600080F7F /* CFNetwork.framework */,
				03A664D712EB834400080F7F /* SystemConfiguration.framework */,
				03A664DB12EB835C00080F7F /* MobileCoreServices.framework */,
			);
			name = Frameworks;
			sourceTree = "<group>";
		};
/* End PBXGroup section */

/* Begin PBXNativeTarget section */
		1D6058900D05DD3D006BFB54 /* Driftpad */ = {
			isa = PBXNativeTarget;
			buildConfigurationList = 1D6058960D05DD3E006BFB54 /* Build configuration list for PBXNativeTarget "Driftpad" */;
			buildPhases = (
				1D60588D0D05DD3D006BFB54 /* Resources */,
				1D60588E0D05DD3D006BFB54 /* Sources */,
				1D60588F0D05DD3D006BFB54 /* Frameworks */,
			);
			buildRules = (
			);
			dependencies = (
			);
			name = Driftpad;
			productName = Driftpad;
			productReference = 1D6058910D05DD3D006BFB54 /* Driftpad.app */;
			productType = "com.apple.product-type.application";
		};
/* End PBXNativeTarget section */

/* Begin PBXProject section */
		29B97313FDCFA39411CA2CEA /* Project object */ = {
			isa = PBXProject;
			buildConfigurationList = C01FCF4E08A954540054247B /* Build configuration list for PBXProject "Driftpad" */;
			compatibilityVersion = "Xcode 3.2";
			developmentRegion = English;
			hasScannedForEncodings = 1;
			knownRegions = (
				English,
				Japanese,
				French,
				German,
				en,
				_english,
			);
			mainGroup = 29B97314FDCFA39411CA2CEA /* CustomTemplate */;
			projectDirPath = "";
			projectRoot = "";
			targets = (
				1D6058900D05DD3D006BFB54 /* Driftpad */,
			);
		};
/* End PBXProject section */

/* Begin PBXResourcesBuildPhase section */
		1D60588D0D05DD3D006BFB54 /* Resources */ = {
			isa = PBXResourcesBuildPhase;
			buildActionMask = 2147483647;
			files = (
				03C18FCE117291A400B975D1 /* GEGistTableViewController.xib in Resources */,
				03C1901B117293FB00B975D1 /* GEGistViewController.xib in Resources */,
				03C197151172D39500B975D1 /* GELoginViewController.xib in Resources */,
				03C197881172E60F00B975D1 /* welcome.txt in Resources */,
				0305550811730992000D3AF2 /* MainWindow.xib in Resources */,
				030555FF11731F66000D3AF2 /* Inconsolata.otf in Resources */,
				037A9C0612F6F9BB0083840F /* AnonymousUser.plist in Resources */,
			);
			runOnlyForDeploymentPostprocessing = 0;
		};
/* End PBXResourcesBuildPhase section */

/* Begin PBXSourcesBuildPhase section */
		1D60588E0D05DD3D006BFB54 /* Sources */ = {
			isa = PBXSourcesBuildPhase;
			buildActionMask = 2147483647;
			files = (
				03C18EDA11728DB500B975D1 /* DriftpadAppDelegate.m in Sources */,
				03C18EDD11728DB800B975D1 /* GEGist.m in Sources */,
				03C18EDE11728DB800B975D1 /* GEGistStore.m in Sources */,
				03C18EDF11728DB900B975D1 /* GEGistService.m in Sources */,
				03C18FCD117291A400B975D1 /* GEGistTableViewController.m in Sources */,
				03C1901A117293FB00B975D1 /* GEGistViewController.m in Sources */,
				03C193D51172B35900B975D1 /* NSObject_FUNSNull.m in Sources */,
				03C197141172D39500B975D1 /* GELoginViewController.m in Sources */,
				030554F2117307F2000D3AF2 /* NSDateFormatter_GithubDateFormatting.m in Sources */,
				0305550611730951000D3AF2 /* main.m in Sources */,
				03055515117309B6000D3AF2 /* Driftpad.xcdatamodeld in Sources */,
				03A662DC12EB499700080F7F /* CBetterCoreDataManager.m in Sources */,
				03A662DD12EB499700080F7F /* CCoreDataManager.m in Sources */,
				03A662DE12EB499700080F7F /* CEntityDataSource.m in Sources */,
				03A662DF12EB499700080F7F /* NSManagedObjectContext_Extensions.m in Sources */,
				03A6633512EB4B0100080F7F /* CFetchedResultsTableViewController.m in Sources */,
				03A6633612EB4B0100080F7F /* CTableViewController.m in Sources */,
				03A6634F12EB4B3C00080F7F /* CCompletionTicket.m in Sources */,
				03A6635012EB4B3C00080F7F /* CManagedURLConnection.m in Sources */,
				03A6635112EB4B3C00080F7F /* CURLConnectionManager.m in Sources */,
				03A6635212EB4B3C00080F7F /* CURLConnectionManagerChannel.m in Sources */,
				03A6637212EB4B7F00080F7F /* CDataScanner.m in Sources */,
				03A6637612EB4B7F00080F7F /* CDataScanner_Extensions.m in Sources */,
				03A6637712EB4B7F00080F7F /* NSCharacterSet_Extensions.m in Sources */,
				03A6637812EB4B7F00080F7F /* NSDictionary_JSONExtensions.m in Sources */,
				03A6637912EB4B7F00080F7F /* NSScanner_Extensions.m in Sources */,
				03A6637A12EB4B7F00080F7F /* CJSONDeserializer.m in Sources */,
				03A6637B12EB4B7F00080F7F /* CJSONScanner.m in Sources */,
				03A6637C12EB4B7F00080F7F /* CJSONSerializer.m in Sources */,
				03A6638212EB4BC500080F7F /* NSError_Extensions.m in Sources */,
				03A6638512EB4BD100080F7F /* CPointerArray.m in Sources */,
				03A6638B12EB4C0500080F7F /* CHumanDateFormatter.m in Sources */,
				03A6648E12EB81B400080F7F /* ASIAuthenticationDialog.m in Sources */,
				03A6648F12EB81B400080F7F /* ASIDataCompressor.m in Sources */,
				03A6649012EB81B400080F7F /* ASIDataDecompressor.m in Sources */,
				03A6649112EB81B400080F7F /* ASIDownloadCache.m in Sources */,
				03A6649212EB81B400080F7F /* ASIFormDataRequest.m in Sources */,
				03A6649312EB81B400080F7F /* ASIHTTPRequest.m in Sources */,
				03A6649412EB81B400080F7F /* ASIInputStream.m in Sources */,
				03A6649512EB81B400080F7F /* ASINetworkQueue.m in Sources */,
				03A664CC12EB831600080F7F /* Reachability.m in Sources */,
				03E340DB12F0E11B00C655CA /* NSString_Scraping.m in Sources */,
			);
			runOnlyForDeploymentPostprocessing = 0;
		};
/* End PBXSourcesBuildPhase section */

/* Begin XCBuildConfiguration section */
		1D6058940D05DD3E006BFB54 /* Debug */ = {
			isa = XCBuildConfiguration;
			buildSettings = {
				ALWAYS_SEARCH_USER_PATHS = NO;
				COPY_PHASE_STRIP = NO;
				GCC_DYNAMIC_NO_PIC = NO;
				GCC_OPTIMIZATION_LEVEL = 0;
				GCC_PRECOMPILE_PREFIX_HEADER = YES;
				GCC_PREFIX_HEADER = Driftpad_Prefix.pch;
				INFOPLIST_FILE = "Driftpad-Info.plist";
				PRODUCT_NAME = Driftpad;
			};
			name = Debug;
		};
		1D6058950D05DD3E006BFB54 /* Deployment */ = {
			isa = XCBuildConfiguration;
			buildSettings = {
				ALWAYS_SEARCH_USER_PATHS = NO;
				COPY_PHASE_STRIP = YES;
				GCC_PRECOMPILE_PREFIX_HEADER = YES;
				GCC_PREFIX_HEADER = Driftpad_Prefix.pch;
				INFOPLIST_FILE = "Driftpad-Info.plist";
				PRODUCT_NAME = Driftpad;
				VALIDATE_PRODUCT = YES;
			};
			name = Deployment;
		};
		C01FCF4F08A954540054247B /* Debug */ = {
			isa = XCBuildConfiguration;
			buildSettings = {
				"ARCHS[sdk=iphoneos*]" = armv7;
				"ARCHS[sdk=iphonesimulator*]" = i386;
				"CODE_SIGN_IDENTITY[sdk=iphoneos*]" = "iPhone Developer";
				GCC_C_LANGUAGE_STANDARD = c99;
				GCC_WARN_ABOUT_RETURN_TYPE = YES;
				GCC_WARN_UNUSED_VARIABLE = YES;
				PREBINDING = NO;
				SDKROOT = iphoneos;
				TARGETED_DEVICE_FAMILY = 2;
			};
			name = Debug;
		};
		C01FCF5008A954540054247B /* Deployment */ = {
			isa = XCBuildConfiguration;
			buildSettings = {
				"ARCHS[sdk=iphoneos*]" = armv7;
				"ARCHS[sdk=iphonesimulator*]" = i386;
				"CODE_SIGN_IDENTITY[sdk=iphoneos*]" = "iPhone Distribution: Doormouse Mfg.";
				GCC_C_LANGUAGE_STANDARD = c99;
				GCC_WARN_ABOUT_RETURN_TYPE = YES;
				GCC_WARN_UNUSED_VARIABLE = YES;
				OTHER_CFLAGS = "-DNS_BLOCK_ASSERTIONS=1";
				PREBINDING = NO;
				"PROVISIONING_PROFILE[sdk=iphoneos*]" = "45AE5291-5B92-445D-BBB2-4410DE51C463";
				SDKROOT = iphoneos;
				TARGETED_DEVICE_FAMILY = 2;
			};
			name = Deployment;
		};
/* End XCBuildConfiguration section */

/* Begin XCConfigurationList section */
		1D6058960D05DD3E006BFB54 /* Build configuration list for PBXNativeTarget "Driftpad" */ = {
			isa = XCConfigurationList;
			buildConfigurations = (
				1D6058940D05DD3E006BFB54 /* Debug */,
				1D6058950D05DD3E006BFB54 /* Deployment */,
			);
			defaultConfigurationIsVisible = 0;
			defaultConfigurationName = Deployment;
		};
		C01FCF4E08A954540054247B /* Build configuration list for PBXProject "Driftpad" */ = {
			isa = XCConfigurationList;
			buildConfigurations = (
				C01FCF4F08A954540054247B /* Debug */,
				C01FCF5008A954540054247B /* Deployment */,
			);
			defaultConfigurationIsVisible = 0;
			defaultConfigurationName = Deployment;
		};
/* End XCConfigurationList section */

/* Begin XCVersionGroup section */
		03055513117309B6000D3AF2 /* Driftpad.xcdatamodeld */ = {
			isa = XCVersionGroup;
			children = (
				03055514117309B6000D3AF2 /* Driftpad.xcdatamodel */,
			);
			currentVersion = 03055514117309B6000D3AF2 /* Driftpad.xcdatamodel */;
			name = Driftpad.xcdatamodeld;
			path = ../Driftpad.xcdatamodeld;
			sourceTree = "<group>";
			versionGroupType = wrapper.xcdatamodel;
		};
/* End XCVersionGroup section */
	};
	rootObject = 29B97313FDCFA39411CA2CEA /* Project object */;
}
